{
  "requires": true,
  "lockfileVersion": 1,
  "dependencies": {
    "nouislider": {
      "version": "14.6.3",
      "resolved": "https://registry.npmjs.org/nouislider/-/nouislider-14.6.3.tgz",
      "integrity": "sha512-/3tAqsWY2JYW9vd7bC14bFRA1P9A+pRHOtKmoMsyfnB0fQcd1UFx2pdY1Ey5wAUzTnXTesmYaEo/ecLVETijIQ=="
    }
  }
}
